
Microsoft Visual Studio Solution File, Format Version 12.00
# Visual Studio 2012
Project("{FAE04EC0-301F-11D3-BF4B-00C04F79EFBC}") = "Yapper", "YapperChat\Yapper.csproj", "{5DE4A828-23F4-4759-9810-7FB6926BB773}"
EndProject
Project("{2150E333-8FDC-42A3-9474-1A3956D46DE8}") = "Solution Items", "Solution Items", "{451806F4-D123-4CA3-B560-FCD814B8F051}"
	ProjectSection(SolutionItems) = preProject
		Local.testsettings = Local.testsettings
		TraceAndTestImpact.testsettings = TraceAndTestImpact.testsettings
		Yapper.vsmdi = Yapper.vsmdi
	EndProjectSection
EndProject
Project("{FAE04EC0-301F-11D3-BF4B-00C04F79EFBC}") = "YapperUnitTest", "YapperUnitTest\YapperUnitTest.csproj", "{E780A950-BFD2-419D-8665-90C729573D3E}"
EndProject
Project("{2150E333-8FDC-42A3-9474-1A3956D46DE8}") = ".nuget", ".nuget", "{A1544200-6DD3-4677-8406-5284136E7144}"
	ProjectSection(SolutionItems) = preProject
		.nuget\NuGet.Config = .nuget\NuGet.Config
		.nuget\NuGet.exe = .nuget\NuGet.exe
		.nuget\NuGet.targets = .nuget\NuGet.targets
	EndProjectSection
EndProject
Global
	GlobalSection(TeamFoundationVersionControl) = preSolution
		SccNumberOfProjects = 3
		SccEnterpriseProvider = {4CA58AB2-18FA-4F8D-95D4-32DDF27D184C}
		SccTeamFoundationServer = https://nrag.visualstudio.com/defaultcollection
		SccLocalPath0 = .
		SccProjectUniqueName1 = YapperChat\\Yapper.csproj
		SccProjectTopLevelParentUniqueName1 = Yapper.sln
		SccProjectName1 = YapperChat
		SccLocalPath1 = YapperChat
		SccProjectUniqueName2 = YapperUnitTest\\YapperUnitTest.csproj
		SccProjectName2 = YapperUnitTest
		SccLocalPath2 = YapperUnitTest
	EndGlobalSection
	GlobalSection(TestCaseManagementSettings) = postSolution
		CategoryFile = Yapper.vsmdi
	EndGlobalSection
	GlobalSection(SolutionConfigurationPlatforms) = preSolution
		Debug|Any CPU = Debug|Any CPU
		Debug|ARM = Debug|ARM
		Debug|x86 = Debug|x86
		Release|Any CPU = Release|Any CPU
		Release|ARM = Release|ARM
		Release|x86 = Release|x86
	EndGlobalSection
	GlobalSection(ProjectConfigurationPlatforms) = postSolution
		{5DE4A828-23F4-4759-9810-7FB6926BB773}.Debug|Any CPU.ActiveCfg = Debug|Any CPU
		{5DE4A828-23F4-4759-9810-7FB6926BB773}.Debug|Any CPU.Build.0 = Debug|Any CPU
		{5DE4A828-23F4-4759-9810-7FB6926BB773}.Debug|Any CPU.Deploy.0 = Debug|Any CPU
		{5DE4A828-23F4-4759-9810-7FB6926BB773}.Debug|ARM.ActiveCfg = Debug|Any CPU
		{5DE4A828-23F4-4759-9810-7FB6926BB773}.Debug|x86.ActiveCfg = Debug|Any CPU
		{5DE4A828-23F4-4759-9810-7FB6926BB773}.Release|Any CPU.ActiveCfg = Release|Any CPU
		{5DE4A828-23F4-4759-9810-7FB6926BB773}.Release|Any CPU.Build.0 = Release|Any CPU
		{5DE4A828-23F4-4759-9810-7FB6926BB773}.Release|Any CPU.Deploy.0 = Release|Any CPU
		{5DE4A828-23F4-4759-9810-7FB6926BB773}.Release|ARM.ActiveCfg = Release|Any CPU
		{5DE4A828-23F4-4759-9810-7FB6926BB773}.Release|x86.ActiveCfg = Release|Any CPU
		{E780A950-BFD2-419D-8665-90C729573D3E}.Debug|Any CPU.ActiveCfg = Debug|Any CPU
		{E780A950-BFD2-419D-8665-90C729573D3E}.Debug|Any CPU.Build.0 = Debug|Any CPU
		{E780A950-BFD2-419D-8665-90C729573D3E}.Debug|Any CPU.Deploy.0 = Debug|Any CPU
		{E780A950-BFD2-419D-8665-90C729573D3E}.Debug|ARM.ActiveCfg = Debug|Any CPU
		{E780A950-BFD2-419D-8665-90C729573D3E}.Debug|x86.ActiveCfg = Debug|Any CPU
		{E780A950-BFD2-419D-8665-90C729573D3E}.Release|Any CPU.ActiveCfg = Release|Any CPU
		{E780A950-BFD2-419D-8665-90C729573D3E}.Release|Any CPU.Build.0 = Release|Any CPU
		{E780A950-BFD2-419D-8665-90C729573D3E}.Release|Any CPU.Deploy.0 = Release|Any CPU
		{E780A950-BFD2-419D-8665-90C729573D3E}.Release|ARM.ActiveCfg = Release|Any CPU
		{E780A950-BFD2-419D-8665-90C729573D3E}.Release|x86.ActiveCfg = Release|Any CPU
	EndGlobalSection
	GlobalSection(SolutionProperties) = preSolution
		HideSolutionNode = FALSE
	EndGlobalSection
	GlobalSection(NestedProjects) = preSolution
		{5DE4A828-23F4-4759-9810-7FB6926BB773} = {451806F4-D123-4CA3-B560-FCD814B8F051}
	EndGlobalSection
EndGlobal
