
Microsoft Visual Studio Solution File, Format Version 12.00
# Visual Studio 2012
Project("{FAE04EC0-301F-11D3-BF4B-00C04F79EFBC}") = "WPControls", "WPControls\WPControls.csproj", "{15A9E5AB-7282-4BFD-98C6-06DD26051399}"
EndProject
Project("{FAE04EC0-301F-11D3-BF4B-00C04F79EFBC}") = "WpControlsExample", "WpControlsExample\WpControlsExample.csproj", "{817F55E6-EE4F-4BC9-A869-2DE47612C81D}"
EndProject
Project("{FAE04EC0-301F-11D3-BF4B-00C04F79EFBC}") = "WPControls7.1", "WPControls7.1\WPControls7.1.csproj", "{4822B029-EAC7-43EA-8A5D-4FABA3861B0F}"
EndProject
Project("{FAE04EC0-301F-11D3-BF4B-00C04F79EFBC}") = "WPControlExample7.1", "WPControlExample7.1\WPControlExample7.1.csproj", "{9598C909-C4F1-4D4E-A5E8-FE5721D18BCF}"
EndProject
Global
	GlobalSection(TeamFoundationVersionControl) = preSolution
		SccNumberOfProjects = 4
		SccEnterpriseProvider = {4CA58AB2-18FA-4F8D-95D4-32DDF27D184C}
		SccTeamFoundationServer = https://tfs.codeplex.com/tfs/tfs05
		SccProjectUniqueName0 = WPControls7.1\\WPControls7.1.csproj
		SccProjectName0 = WPControls7.1
		SccAuxPath0 = https://tfs.codeplex.com/tfs/tfs05
		SccLocalPath0 = WPControls7.1
		SccProvider0 = {4CA58AB2-18FA-4F8D-95D4-32DDF27D184C}
		SccProjectUniqueName1 = WPControlExample7.1\\WPControlExample7.1.csproj
		SccProjectName1 = WPControlExample7.1
		SccAuxPath1 = https://tfs.codeplex.com/tfs/tfs05
		SccLocalPath1 = WPControlExample7.1
		SccProvider1 = {4CA58AB2-18FA-4F8D-95D4-32DDF27D184C}
		SccProjectUniqueName2 = WPControls\\WPControls.csproj
		SccProjectName2 = WPControls
		SccAuxPath2 = https://tfs.codeplex.com/tfs/tfs05
		SccLocalPath2 = WPControls
		SccProvider2 = {4CA58AB2-18FA-4F8D-95D4-32DDF27D184C}
		SccProjectUniqueName3 = WpControlsExample\\WpControlsExample.csproj
		SccProjectName3 = WpControlsExample
		SccAuxPath3 = https://tfs.codeplex.com/tfs/tfs05
		SccLocalPath3 = WpControlsExample
		SccProvider3 = {4CA58AB2-18FA-4F8D-95D4-32DDF27D184C}
	EndGlobalSection
	GlobalSection(SolutionConfigurationPlatforms) = preSolution
		Debug|Any CPU = Debug|Any CPU
		Debug|ARM = Debug|ARM
		Debug|x86 = Debug|x86
		Release|Any CPU = Release|Any CPU
		Release|ARM = Release|ARM
		Release|x86 = Release|x86
	EndGlobalSection
	GlobalSection(ProjectConfigurationPlatforms) = postSolution
		{15A9E5AB-7282-4BFD-98C6-06DD26051399}.Debug|Any CPU.ActiveCfg = Debug|Any CPU
		{15A9E5AB-7282-4BFD-98C6-06DD26051399}.Debug|Any CPU.Build.0 = Debug|Any CPU
		{15A9E5AB-7282-4BFD-98C6-06DD26051399}.Debug|ARM.ActiveCfg = Debug|ARM
		{15A9E5AB-7282-4BFD-98C6-06DD26051399}.Debug|ARM.Build.0 = Debug|ARM
		{15A9E5AB-7282-4BFD-98C6-06DD26051399}.Debug|x86.ActiveCfg = Debug|x86
		{15A9E5AB-7282-4BFD-98C6-06DD26051399}.Debug|x86.Build.0 = Debug|x86
		{15A9E5AB-7282-4BFD-98C6-06DD26051399}.Release|Any CPU.ActiveCfg = Release|Any CPU
		{15A9E5AB-7282-4BFD-98C6-06DD26051399}.Release|Any CPU.Build.0 = Release|Any CPU
		{15A9E5AB-7282-4BFD-98C6-06DD26051399}.Release|ARM.ActiveCfg = Release|ARM
		{15A9E5AB-7282-4BFD-98C6-06DD26051399}.Release|ARM.Build.0 = Release|ARM
		{15A9E5AB-7282-4BFD-98C6-06DD26051399}.Release|x86.ActiveCfg = Release|x86
		{15A9E5AB-7282-4BFD-98C6-06DD26051399}.Release|x86.Build.0 = Release|x86
		{817F55E6-EE4F-4BC9-A869-2DE47612C81D}.Debug|Any CPU.ActiveCfg = Debug|Any CPU
		{817F55E6-EE4F-4BC9-A869-2DE47612C81D}.Debug|Any CPU.Build.0 = Debug|Any CPU
		{817F55E6-EE4F-4BC9-A869-2DE47612C81D}.Debug|ARM.ActiveCfg = Debug|ARM
		{817F55E6-EE4F-4BC9-A869-2DE47612C81D}.Debug|ARM.Build.0 = Debug|ARM
		{817F55E6-EE4F-4BC9-A869-2DE47612C81D}.Debug|ARM.Deploy.0 = Debug|ARM
		{817F55E6-EE4F-4BC9-A869-2DE47612C81D}.Debug|x86.ActiveCfg = Debug|x86
		{817F55E6-EE4F-4BC9-A869-2DE47612C81D}.Debug|x86.Build.0 = Debug|x86
		{817F55E6-EE4F-4BC9-A869-2DE47612C81D}.Debug|x86.Deploy.0 = Debug|x86
		{817F55E6-EE4F-4BC9-A869-2DE47612C81D}.Release|Any CPU.ActiveCfg = Release|Any CPU
		{817F55E6-EE4F-4BC9-A869-2DE47612C81D}.Release|Any CPU.Build.0 = Release|Any CPU
		{817F55E6-EE4F-4BC9-A869-2DE47612C81D}.Release|Any CPU.Deploy.0 = Release|Any CPU
		{817F55E6-EE4F-4BC9-A869-2DE47612C81D}.Release|ARM.ActiveCfg = Release|ARM
		{817F55E6-EE4F-4BC9-A869-2DE47612C81D}.Release|ARM.Build.0 = Release|ARM
		{817F55E6-EE4F-4BC9-A869-2DE47612C81D}.Release|ARM.Deploy.0 = Release|ARM
		{817F55E6-EE4F-4BC9-A869-2DE47612C81D}.Release|x86.ActiveCfg = Release|x86
		{817F55E6-EE4F-4BC9-A869-2DE47612C81D}.Release|x86.Build.0 = Release|x86
		{817F55E6-EE4F-4BC9-A869-2DE47612C81D}.Release|x86.Deploy.0 = Release|x86
		{4822B029-EAC7-43EA-8A5D-4FABA3861B0F}.Debug|Any CPU.ActiveCfg = Debug|Any CPU
		{4822B029-EAC7-43EA-8A5D-4FABA3861B0F}.Debug|Any CPU.Build.0 = Debug|Any CPU
		{4822B029-EAC7-43EA-8A5D-4FABA3861B0F}.Debug|ARM.ActiveCfg = Debug|Any CPU
		{4822B029-EAC7-43EA-8A5D-4FABA3861B0F}.Debug|x86.ActiveCfg = Debug|Any CPU
		{4822B029-EAC7-43EA-8A5D-4FABA3861B0F}.Release|Any CPU.ActiveCfg = Release|Any CPU
		{4822B029-EAC7-43EA-8A5D-4FABA3861B0F}.Release|Any CPU.Build.0 = Release|Any CPU
		{4822B029-EAC7-43EA-8A5D-4FABA3861B0F}.Release|ARM.ActiveCfg = Release|Any CPU
		{4822B029-EAC7-43EA-8A5D-4FABA3861B0F}.Release|x86.ActiveCfg = Release|Any CPU
		{9598C909-C4F1-4D4E-A5E8-FE5721D18BCF}.Debug|Any CPU.ActiveCfg = Debug|Any CPU
		{9598C909-C4F1-4D4E-A5E8-FE5721D18BCF}.Debug|Any CPU.Build.0 = Debug|Any CPU
		{9598C909-C4F1-4D4E-A5E8-FE5721D18BCF}.Debug|Any CPU.Deploy.0 = Debug|Any CPU
		{9598C909-C4F1-4D4E-A5E8-FE5721D18BCF}.Debug|ARM.ActiveCfg = Debug|Any CPU
		{9598C909-C4F1-4D4E-A5E8-FE5721D18BCF}.Debug|x86.ActiveCfg = Debug|Any CPU
		{9598C909-C4F1-4D4E-A5E8-FE5721D18BCF}.Release|Any CPU.ActiveCfg = Release|Any CPU
		{9598C909-C4F1-4D4E-A5E8-FE5721D18BCF}.Release|Any CPU.Build.0 = Release|Any CPU
		{9598C909-C4F1-4D4E-A5E8-FE5721D18BCF}.Release|Any CPU.Deploy.0 = Release|Any CPU
		{9598C909-C4F1-4D4E-A5E8-FE5721D18BCF}.Release|ARM.ActiveCfg = Release|Any CPU
		{9598C909-C4F1-4D4E-A5E8-FE5721D18BCF}.Release|x86.ActiveCfg = Release|Any CPU
	EndGlobalSection
	GlobalSection(SolutionProperties) = preSolution
		HideSolutionNode = FALSE
	EndGlobalSection
EndGlobal
